
Microsoft Visual Studio Solution File, Format Version 12.00
# Visual Studio Version 17
VisualStudioVersion = 17.3.32901.215
MinimumVisualStudioVersion = 10.0.40219.1
Project("{FAE04EC0-301F-11D3-BF4B-00C04F79EFBC}") = "MVC-Intro-Demo", "MVC-Intro-Demo\MVC-Intro-Demo.csproj", "{BBA99347-8CB8-424D-8F92-773226A50264}"
EndProject
Global
	GlobalSection(SolutionConfigurationPlatforms) = preSolution
		Debug|Any CPU = Debug|Any CPU
		Release|Any CPU = Release|Any CPU
	EndGlobalSection
	GlobalSection(ProjectConfigurationPlatforms) = postSolution
		{BBA99347-8CB8-424D-8F92-773226A50264}.Debug|Any CPU.ActiveCfg = Debug|Any CPU
		{BBA99347-8CB8-424D-8F92-773226A50264}.Debug|Any CPU.Build.0 = Debug|Any CPU
		{BBA99347-8CB8-424D-8F92-773226A50264}.Release|Any CPU.ActiveCfg = Release|Any CPU
		{BBA99347-8CB8-424D-8F92-773226A50264}.Release|Any CPU.Build.0 = Release|Any CPU
	EndGlobalSection
	GlobalSection(SolutionProperties) = preSolution
		HideSolutionNode = FALSE
	EndGlobalSection
	GlobalSection(ExtensibilityGlobals) = postSolution
		SolutionGuid = {DF1150AA-B233-41EE-AE45-879D96E0F920}
	EndGlobalSection
EndGlobal
